
Microsoft Visual Studio Solution File, Format Version 12.00
# Visual Studio Version 17
VisualStudioVersion = 17.5.002.0
MinimumVisualStudioVersion = 10.0.40219.1
Project("{9A19103F-16F7-4668-BE54-9A1E7A4F7556}") = "myfinance-web-dotnet", "myfinance-web-dotnet\myfinance-web-dotnet.csproj", "{D67D51F0-446C-4E60-8498-8C832FB23803}"
EndProject
Global
	GlobalSection(SolutionConfigurationPlatforms) = preSolution
		Debug|Any CPU = Debug|Any CPU
		Release|Any CPU = Release|Any CPU
	EndGlobalSection
	GlobalSection(ProjectConfigurationPlatforms) = postSolution
		{D67D51F0-446C-4E60-8498-8C832FB23803}.Debug|Any CPU.ActiveCfg = Debug|Any CPU
		{D67D51F0-446C-4E60-8498-8C832FB23803}.Debug|Any CPU.Build.0 = Debug|Any CPU
		{D67D51F0-446C-4E60-8498-8C832FB23803}.Release|Any CPU.ActiveCfg = Release|Any CPU
		{D67D51F0-446C-4E60-8498-8C832FB23803}.Release|Any CPU.Build.0 = Release|Any CPU
	EndGlobalSection
	GlobalSection(SolutionProperties) = preSolution
		HideSolutionNode = FALSE
	EndGlobalSection
	GlobalSection(ExtensibilityGlobals) = postSolution
		SolutionGuid = {26251C39-0CA3-4B1F-8D11-8BE790028633}
	EndGlobalSection
EndGlobal
